
Microsoft Visual Studio Solution File, Format Version 12.00
# Visual Studio 15
VisualStudioVersion = 15.0.28307.421
MinimumVisualStudioVersion = 10.0.40219.1
Project("{FAE04EC0-301F-11D3-BF4B-00C04F79EFBC}") = "GameServer", "GameServer\GameServer.csproj", "{D8776663-BDAC-4916-96D3-A81C55DB2171}"
EndProject
Project("{FAE04EC0-301F-11D3-BF4B-00C04F79EFBC}") = "Common", "..\Common\Common\Common.csproj", "{C20D88BC-9504-47FC-9BE4-2A6D945B9375}"
EndProject
Project("{FAE04EC0-301F-11D3-BF4B-00C04F79EFBC}") = "GameClientConsole", "..\GameClientConsole\GameClientConsole.csproj", "{4DDE24B4-24AC-4FC5-85D4-EFC6F160EC98}"
EndProject
Global
	GlobalSection(SolutionConfigurationPlatforms) = preSolution
		Debug|Any CPU = Debug|Any CPU
		Release|Any CPU = Release|Any CPU
	EndGlobalSection
	GlobalSection(ProjectConfigurationPlatforms) = postSolution
		{D8776663-BDAC-4916-96D3-A81C55DB2171}.Debug|Any CPU.ActiveCfg = Debug|Any CPU
		{D8776663-BDAC-4916-96D3-A81C55DB2171}.Debug|Any CPU.Build.0 = Debug|Any CPU
		{D8776663-BDAC-4916-96D3-A81C55DB2171}.Release|Any CPU.ActiveCfg = Release|Any CPU
		{D8776663-BDAC-4916-96D3-A81C55DB2171}.Release|Any CPU.Build.0 = Release|Any CPU
		{C20D88BC-9504-47FC-9BE4-2A6D945B9375}.Debug|Any CPU.ActiveCfg = Debug|Any CPU
		{C20D88BC-9504-47FC-9BE4-2A6D945B9375}.Debug|Any CPU.Build.0 = Debug|Any CPU
		{C20D88BC-9504-47FC-9BE4-2A6D945B9375}.Release|Any CPU.ActiveCfg = Release|Any CPU
		{C20D88BC-9504-47FC-9BE4-2A6D945B9375}.Release|Any CPU.Build.0 = Release|Any CPU
		{4DDE24B4-24AC-4FC5-85D4-EFC6F160EC98}.Debug|Any CPU.ActiveCfg = Debug|Any CPU
		{4DDE24B4-24AC-4FC5-85D4-EFC6F160EC98}.Debug|Any CPU.Build.0 = Debug|Any CPU
		{4DDE24B4-24AC-4FC5-85D4-EFC6F160EC98}.Release|Any CPU.ActiveCfg = Release|Any CPU
		{4DDE24B4-24AC-4FC5-85D4-EFC6F160EC98}.Release|Any CPU.Build.0 = Release|Any CPU
	EndGlobalSection
	GlobalSection(SolutionProperties) = preSolution
		HideSolutionNode = FALSE
	EndGlobalSection
	GlobalSection(ExtensibilityGlobals) = postSolution
		SolutionGuid = {E45FC4DE-F3FB-4C8C-ABEE-06689A6B6D04}
	EndGlobalSection
EndGlobal
